// !$*UTF8*$!
{
	archiveVersion = 1;
	classes = {
	};
	objectVersion = 50;
	objects = {

/* Begin PBXBuildFile section */
		84A5B86C2394D40E00AFA585 /* main.cpp in Sources */ = {isa = PBXBuildFile; fileRef = 84A5B86B2394D40E00AFA585 /* main.cpp */; };
		84A5B8742394D49200AFA585 /* network.cpp in Sources */ = {isa = PBXBuildFile; fileRef = 84A5B8722394D49200AFA585 /* network.cpp */; };
		84A5B8772394FCB100AFA585 /* gemm.cpp in Sources */ = {isa = PBXBuildFile; fileRef = 84A5B8752394FCB100AFA585 /* gemm.cpp */; };
		84A5B87A23951F3800AFA585 /* softmax_layer.cpp in Sources */ = {isa = PBXBuildFile; fileRef = 84A5B87823951F3800AFA585 /* softmax_layer.cpp */; };
		84A5B880239626AE00AFA585 /* connectedlayer.cpp in Sources */ = {isa = PBXBuildFile; fileRef = 84A5B87E239626AE00AFA585 /* connectedlayer.cpp */; };
		84A5B8832397931C00AFA585 /* loader.cpp in Sources */ = {isa = PBXBuildFile; fileRef = 84A5B8812397931C00AFA585 /* loader.cpp */; };
		992913C62397E1A900DA2886 /* io.cpp in Sources */ = {isa = PBXBuildFile; fileRef = 992913C42397E1A900DA2886 /* io.cpp */; };
		992913CA2397EAB800DA2886 /* read.cpp in Sources */ = {isa = PBXBuildFile; fileRef = 992913C82397EAB800DA2886 /* read.cpp */; };
/* End PBXBuildFile section */

/* Begin PBXCopyFilesBuildPhase section */
		84A5B8662394D40E00AFA585 /* CopyFiles */ = {
			isa = PBXCopyFilesBuildPhase;
			buildActionMask = 2147483647;
			dstPath = /usr/share/man/man1/;
			dstSubfolderSpec = 0;
			files = (
			);
			runOnlyForDeploymentPostprocessing = 1;
		};
/* End PBXCopyFilesBuildPhase section */

/* Begin PBXFileReference section */
		84A5B8682394D40E00AFA585 /* framework */ = {isa = PBXFileReference; explicitFileType = "compiled.mach-o.executable"; includeInIndex = 0; path = framework; sourceTree = BUILT_PRODUCTS_DIR; };
		84A5B86B2394D40E00AFA585 /* main.cpp */ = {isa = PBXFileReference; lastKnownFileType = sourcecode.cpp.cpp; path = main.cpp; sourceTree = "<group>"; };
		84A5B8722394D49200AFA585 /* network.cpp */ = {isa = PBXFileReference; lastKnownFileType = sourcecode.cpp.cpp; path = network.cpp; sourceTree = "<group>"; };
		84A5B8732394D49200AFA585 /* network.hpp */ = {isa = PBXFileReference; lastKnownFileType = sourcecode.cpp.h; path = network.hpp; sourceTree = "<group>"; };
		84A5B8752394FCB100AFA585 /* gemm.cpp */ = {isa = PBXFileReference; lastKnownFileType = sourcecode.cpp.cpp; path = gemm.cpp; sourceTree = "<group>"; };
		84A5B8762394FCB100AFA585 /* gemm.hpp */ = {isa = PBXFileReference; lastKnownFileType = sourcecode.cpp.h; path = gemm.hpp; sourceTree = "<group>"; };
		84A5B87823951F3800AFA585 /* softmax_layer.cpp */ = {isa = PBXFileReference; lastKnownFileType = sourcecode.cpp.cpp; path = softmax_layer.cpp; sourceTree = "<group>"; };
		84A5B87923951F3800AFA585 /* softmax_layer.hpp */ = {isa = PBXFileReference; lastKnownFileType = sourcecode.cpp.h; path = softmax_layer.hpp; sourceTree = "<group>"; };
		84A5B87E239626AE00AFA585 /* connectedlayer.cpp */ = {isa = PBXFileReference; lastKnownFileType = sourcecode.cpp.cpp; path = connectedlayer.cpp; sourceTree = "<group>"; };
		84A5B87F239626AE00AFA585 /* connectedlayer.hpp */ = {isa = PBXFileReference; lastKnownFileType = sourcecode.cpp.h; path = connectedlayer.hpp; sourceTree = "<group>"; };
		84A5B8812397931C00AFA585 /* loader.cpp */ = {isa = PBXFileReference; lastKnownFileType = sourcecode.cpp.cpp; path = loader.cpp; sourceTree = "<group>"; };
		84A5B8822397931C00AFA585 /* loader.hpp */ = {isa = PBXFileReference; lastKnownFileType = sourcecode.cpp.h; path = loader.hpp; sourceTree = "<group>"; };
		84A5B88423979AAF00AFA585 /* test */ = {isa = PBXFileReference; lastKnownFileType = text; path = test; sourceTree = "<group>"; };
		992913C42397E1A900DA2886 /* io.cpp */ = {isa = PBXFileReference; lastKnownFileType = sourcecode.cpp.cpp; path = io.cpp; sourceTree = "<group>"; };
		992913C52397E1A900DA2886 /* io.hpp */ = {isa = PBXFileReference; lastKnownFileType = sourcecode.cpp.h; path = io.hpp; sourceTree = "<group>"; };
		992913C72397E4BE00DA2886 /* FrameworkAssert.h */ = {isa = PBXFileReference; lastKnownFileType = sourcecode.c.h; path = FrameworkAssert.h; sourceTree = "<group>"; };
		992913C82397EAB800DA2886 /* read.cpp */ = {isa = PBXFileReference; lastKnownFileType = sourcecode.cpp.cpp; path = read.cpp; sourceTree = "<group>"; };
		992913C92397EAB800DA2886 /* read.hpp */ = {isa = PBXFileReference; lastKnownFileType = sourcecode.cpp.h; path = read.hpp; sourceTree = "<group>"; };
/* End PBXFileReference section */

/* Begin PBXFrameworksBuildPhase section */
		84A5B8652394D40E00AFA585 /* Frameworks */ = {
			isa = PBXFrameworksBuildPhase;
			buildActionMask = 2147483647;
			files = (
			);
			runOnlyForDeploymentPostprocessing = 0;
		};
/* End PBXFrameworksBuildPhase section */

/* Begin PBXGroup section */
		84A5B85F2394D40E00AFA585 = {
			isa = PBXGroup;
			children = (
				84A5B86A2394D40E00AFA585 /* framework */,
				84A5B8692394D40E00AFA585 /* Products */,
			);
			sourceTree = "<group>";
		};
		84A5B8692394D40E00AFA585 /* Products */ = {
			isa = PBXGroup;
			children = (
				84A5B8682394D40E00AFA585 /* framework */,
			);
			name = Products;
			sourceTree = "<group>";
		};
		84A5B86A2394D40E00AFA585 /* framework */ = {
			isa = PBXGroup;
			children = (
				84A5B8752394FCB100AFA585 /* gemm.cpp */,
				84A5B8762394FCB100AFA585 /* gemm.hpp */,
				84A5B86B2394D40E00AFA585 /* main.cpp */,
				84A5B8722394D49200AFA585 /* network.cpp */,
				84A5B8732394D49200AFA585 /* network.hpp */,
				992913C42397E1A900DA2886 /* io.cpp */,
				992913C72397E4BE00DA2886 /* FrameworkAssert.h */,
				992913C52397E1A900DA2886 /* io.hpp */,
				992913C82397EAB800DA2886 /* read.cpp */,
				992913C92397EAB800DA2886 /* read.hpp */,
				84A5B8812397931C00AFA585 /* loader.cpp */,
				84A5B8822397931C00AFA585 /* loader.hpp */,
				84A5B87E239626AE00AFA585 /* connectedlayer.cpp */,
				84A5B87F239626AE00AFA585 /* connectedlayer.hpp */,
				84A5B87823951F3800AFA585 /* softmax_layer.cpp */,
				84A5B87923951F3800AFA585 /* softmax_layer.hpp */,
				84A5B88423979AAF00AFA585 /* test */,
			);
			path = framework;
			sourceTree = "<group>";
		};
/* End PBXGroup section */

/* Begin PBXNativeTarget section */
		84A5B8672394D40E00AFA585 /* framework */ = {
			isa = PBXNativeTarget;
			buildConfigurationList = 84A5B86F2394D40E00AFA585 /* Build configuration list for PBXNativeTarget "framework" */;
			buildPhases = (
				84A5B8642394D40E00AFA585 /* Sources */,
				84A5B8652394D40E00AFA585 /* Frameworks */,
				84A5B8662394D40E00AFA585 /* CopyFiles */,
			);
			buildRules = (
			);
			dependencies = (
			);
			name = framework;
			productName = framework;
			productReference = 84A5B8682394D40E00AFA585 /* framework */;
			productType = "com.apple.product-type.tool";
		};
/* End PBXNativeTarget section */

/* Begin PBXProject section */
		84A5B8602394D40E00AFA585 /* Project object */ = {
			isa = PBXProject;
			attributes = {
				LastUpgradeCheck = 1120;
				ORGANIZATIONNAME = Admin;
				TargetAttributes = {
					84A5B8672394D40E00AFA585 = {
						CreatedOnToolsVersion = 11.2.1;
					};
				};
			};
			buildConfigurationList = 84A5B8632394D40E00AFA585 /* Build configuration list for PBXProject "framework" */;
			compatibilityVersion = "Xcode 9.3";
			developmentRegion = en;
			hasScannedForEncodings = 0;
			knownRegions = (
				en,
				Base,
			);
			mainGroup = 84A5B85F2394D40E00AFA585;
			productRefGroup = 84A5B8692394D40E00AFA585 /* Products */;
			projectDirPath = "";
			projectRoot = "";
			targets = (
				84A5B8672394D40E00AFA585 /* framework */,
			);
		};
/* End PBXProject section */

/* Begin PBXSourcesBuildPhase section */
		84A5B8642394D40E00AFA585 /* Sources */ = {
			isa = PBXSourcesBuildPhase;
			buildActionMask = 2147483647;
			files = (
				84A5B87A23951F3800AFA585 /* softmax_layer.cpp in Sources */,
				84A5B880239626AE00AFA585 /* connectedlayer.cpp in Sources */,
				84A5B8742394D49200AFA585 /* network.cpp in Sources */,
				84A5B86C2394D40E00AFA585 /* main.cpp in Sources */,
				84A5B8832397931C00AFA585 /* loader.cpp in Sources */,
				992913CA2397EAB800DA2886 /* read.cpp in Sources */,
				992913C62397E1A900DA2886 /* io.cpp in Sources */,
				84A5B8772394FCB100AFA585 /* gemm.cpp in Sources */,
			);
			runOnlyForDeploymentPostprocessing = 0;
		};
/* End PBXSourcesBuildPhase section */

/* Begin XCBuildConfiguration section */
		84A5B86D2394D40E00AFA585 /* Debug */ = {
			isa = XCBuildConfiguration;
			buildSettings = {
				ALWAYS_SEARCH_USER_PATHS = NO;
				CLANG_ANALYZER_NONNULL = YES;
				CLANG_ANALYZER_NUMBER_OBJECT_CONVERSION = YES_AGGRESSIVE;
				CLANG_CXX_LANGUAGE_STANDARD = "gnu++14";
				CLANG_CXX_LIBRARY = "libc++";
				CLANG_ENABLE_MODULES = YES;
				CLANG_ENABLE_OBJC_ARC = YES;
				CLANG_ENABLE_OBJC_WEAK = YES;
				CLANG_WARN_BLOCK_CAPTURE_AUTORELEASING = YES;
				CLANG_WARN_BOOL_CONVERSION = YES;
				CLANG_WARN_COMMA = YES;
				CLANG_WARN_CONSTANT_CONVERSION = YES;
				CLANG_WARN_DEPRECATED_OBJC_IMPLEMENTATIONS = YES;
				CLANG_WARN_DIRECT_OBJC_ISA_USAGE = YES_ERROR;
				CLANG_WARN_DOCUMENTATION_COMMENTS = YES;
				CLANG_WARN_EMPTY_BODY = YES;
				CLANG_WARN_ENUM_CONVERSION = YES;
				CLANG_WARN_INFINITE_RECURSION = YES;
				CLANG_WARN_INT_CONVERSION = YES;
				CLANG_WARN_NON_LITERAL_NULL_CONVERSION = YES;
				CLANG_WARN_OBJC_IMPLICIT_RETAIN_SELF = YES;
				CLANG_WARN_OBJC_LITERAL_CONVERSION = YES;
				CLANG_WARN_OBJC_ROOT_CLASS = YES_ERROR;
				CLANG_WARN_RANGE_LOOP_ANALYSIS = YES;
				CLANG_WARN_STRICT_PROTOTYPES = YES;
				CLANG_WARN_SUSPICIOUS_MOVE = YES;
				CLANG_WARN_UNGUARDED_AVAILABILITY = YES_AGGRESSIVE;
				CLANG_WARN_UNREACHABLE_CODE = YES;
				CLANG_WARN__DUPLICATE_METHOD_MATCH = YES;
				COPY_PHASE_STRIP = NO;
				DEBUG_INFORMATION_FORMAT = dwarf;
				ENABLE_STRICT_OBJC_MSGSEND = YES;
				ENABLE_TESTABILITY = YES;
				GCC_C_LANGUAGE_STANDARD = gnu11;
				GCC_DYNAMIC_NO_PIC = NO;
				GCC_NO_COMMON_BLOCKS = YES;
				GCC_OPTIMIZATION_LEVEL = 0;
				GCC_PREPROCESSOR_DEFINITIONS = (
					"DEBUG=1",
					"$(inherited)",
				);
				GCC_WARN_64_TO_32_BIT_CONVERSION = YES;
				GCC_WARN_ABOUT_RETURN_TYPE = YES_ERROR;
				GCC_WARN_UNDECLARED_SELECTOR = YES;
				GCC_WARN_UNINITIALIZED_AUTOS = YES_AGGRESSIVE;
				GCC_WARN_UNUSED_FUNCTION = YES;
				GCC_WARN_UNUSED_VARIABLE = YES;
				MACOSX_DEPLOYMENT_TARGET = 10.15;
				MTL_ENABLE_DEBUG_INFO = INCLUDE_SOURCE;
				MTL_FAST_MATH = YES;
				ONLY_ACTIVE_ARCH = YES;
				SDKROOT = macosx;
			};
			name = Debug;
		};
		84A5B86E2394D40E00AFA585 /* Release */ = {
			isa = XCBuildConfiguration;
			buildSettings = {
				ALWAYS_SEARCH_USER_PATHS = NO;
				CLANG_ANALYZER_NONNULL = YES;
				CLANG_ANALYZER_NUMBER_OBJECT_CONVERSION = YES_AGGRESSIVE;
				CLANG_CXX_LANGUAGE_STANDARD = "gnu++14";
				CLANG_CXX_LIBRARY = "libc++";
				CLANG_ENABLE_MODULES = YES;
				CLANG_ENABLE_OBJC_ARC = YES;
				CLANG_ENABLE_OBJC_WEAK = YES;
				CLANG_WARN_BLOCK_CAPTURE_AUTORELEASING = YES;
				CLANG_WARN_BOOL_CONVERSION = YES;
				CLANG_WARN_COMMA = YES;
				CLANG_WARN_CONSTANT_CONVERSION = YES;
				CLANG_WARN_DEPRECATED_OBJC_IMPLEMENTATIONS = YES;
				CLANG_WARN_DIRECT_OBJC_ISA_USAGE = YES_ERROR;
				CLANG_WARN_DOCUMENTATION_COMMENTS = YES;
				CLANG_WARN_EMPTY_BODY = YES;
				CLANG_WARN_ENUM_CONVERSION = YES;
				CLANG_WARN_INFINITE_RECURSION = YES;
				CLANG_WARN_INT_CONVERSION = YES;
				CLANG_WARN_NON_LITERAL_NULL_CONVERSION = YES;
				CLANG_WARN_OBJC_IMPLICIT_RETAIN_SELF = YES;
				CLANG_WARN_OBJC_LITERAL_CONVERSION = YES;
				CLANG_WARN_OBJC_ROOT_CLASS = YES_ERROR;
				CLANG_WARN_RANGE_LOOP_ANALYSIS = YES;
				CLANG_WARN_STRICT_PROTOTYPES = YES;
				CLANG_WARN_SUSPICIOUS_MOVE = YES;
				CLANG_WARN_UNGUARDED_AVAILABILITY = YES_AGGRESSIVE;
				CLANG_WARN_UNREACHABLE_CODE = YES;
				CLANG_WARN__DUPLICATE_METHOD_MATCH = YES;
				COPY_PHASE_STRIP = NO;
				DEBUG_INFORMATION_FORMAT = "dwarf-with-dsym";
				ENABLE_NS_ASSERTIONS = NO;
				ENABLE_STRICT_OBJC_MSGSEND = YES;
				GCC_C_LANGUAGE_STANDARD = gnu11;
				GCC_NO_COMMON_BLOCKS = YES;
				GCC_WARN_64_TO_32_BIT_CONVERSION = YES;
				GCC_WARN_ABOUT_RETURN_TYPE = YES_ERROR;
				GCC_WARN_UNDECLARED_SELECTOR = YES;
				GCC_WARN_UNINITIALIZED_AUTOS = YES_AGGRESSIVE;
				GCC_WARN_UNUSED_FUNCTION = YES;
				GCC_WARN_UNUSED_VARIABLE = YES;
				MACOSX_DEPLOYMENT_TARGET = 10.15;
				MTL_ENABLE_DEBUG_INFO = NO;
				MTL_FAST_MATH = YES;
				SDKROOT = macosx;
			};
			name = Release;
		};
		84A5B8702394D40E00AFA585 /* Debug */ = {
			isa = XCBuildConfiguration;
			buildSettings = {
				CODE_SIGN_STYLE = Automatic;
				PRODUCT_NAME = "$(TARGET_NAME)";
			};
			name = Debug;
		};
		84A5B8712394D40E00AFA585 /* Release */ = {
			isa = XCBuildConfiguration;
			buildSettings = {
				CODE_SIGN_STYLE = Automatic;
				PRODUCT_NAME = "$(TARGET_NAME)";
			};
			name = Release;
		};
/* End XCBuildConfiguration section */

/* Begin XCConfigurationList section */
		84A5B8632394D40E00AFA585 /* Build configuration list for PBXProject "framework" */ = {
			isa = XCConfigurationList;
			buildConfigurations = (
				84A5B86D2394D40E00AFA585 /* Debug */,
				84A5B86E2394D40E00AFA585 /* Release */,
			);
			defaultConfigurationIsVisible = 0;
			defaultConfigurationName = Release;
		};
		84A5B86F2394D40E00AFA585 /* Build configuration list for PBXNativeTarget "framework" */ = {
			isa = XCConfigurationList;
			buildConfigurations = (
				84A5B8702394D40E00AFA585 /* Debug */,
				84A5B8712394D40E00AFA585 /* Release */,
			);
			defaultConfigurationIsVisible = 0;
			defaultConfigurationName = Release;
		};
/* End XCConfigurationList section */
	};
	rootObject = 84A5B8602394D40E00AFA585 /* Project object */;
}
